<?xml version="1.0" encoding="utf-8"?>
<Project ToolsVersion="4.0" xmlns="http://schemas.microsoft.com/developer/msbuild/2003">
  <ItemGroup>
    <Filter Include="Shaders">
      <UniqueIdentifier>{489678df-086e-4df4-bbc6-216e85bff1ed}</UniqueIdentifier>
    </Filter>
    <Filter Include="src">
      <UniqueIdentifier>{4FC737F1-C7A5-4376-A066-2A32D752A2FF}</UniqueIdentifier>
      <Extensions>cpp;c;cc;cxx;def;odl;idl;hpj;bat;asm;asmx</Extensions>
    </Filter>
    <Filter Include="hdr">
      <UniqueIdentifier>{93995380-89BD-4b04-88EB-625FBE52EBFB}</UniqueIdentifier>
      <Extensions>h;hh;hpp;hxx;hm;inl;inc;ipp;xsd</Extensions>
    </Filter>
  </ItemGroup>
  <ItemGroup>
    <ClInclude Include="hdr\ModulePath.h">
      <Filter>hdr</Filter>
    </ClInclude>
    <ClInclude Include="hdr\Light.h">
      <Filter>hdr</Filter>
    </ClInclude>
    <ClInclude Include="hdr\EnumFlags.h">
      <Filter>hdr</Filter>
    </ClInclude>
  </ItemGroup>
  <ItemGroup>
    <ClCompile Include="src\Aries.cpp">
      <Filter>src</Filter>
    </ClCompile>
  </ItemGroup>
  <ItemGroup>
    <FxCompile Include="..\shaders\Vertex.hlsl">
      <Filter>Shaders</Filter>
    </FxCompile>
    <FxCompile Include="..\shaders\Fragment.hlsl">
      <Filter>Shaders</Filter>
    </FxCompile>
    <FxCompile Include="..\shaders\PlanarReflection_VS.hlsl">
      <Filter>Shaders</Filter>
    </FxCompile>
    <FxCompile Include="..\shaders\PlanarReflection_PS.hlsl">
      <Filter>Shaders</Filter>
    </FxCompile>
    <FxCompile Include="..\shaders\ObjInputVS.hlsl">
      <Filter>Shaders</Filter>
    </FxCompile>
    <FxCompile Include="..\shaders\SimplePixel.hlsl">
      <Filter>Shaders</Filter>
    </FxCompile>
    <FxCompile Include="..\shaders\DepthToTexture_VS.hlsl">
      <Filter>Shaders</Filter>
    </FxCompile>
    <FxCompile Include="..\shaders\DepthToTexture_PS.hlsl">
      <Filter>Shaders</Filter>
    </FxCompile>
    <FxCompile Include="..\shaders\ViewToTexture_VS.hlsl">
      <Filter>Shaders</Filter>
    </FxCompile>
    <FxCompile Include="..\shaders\SingleLightMapping_VS.hlsl">
      <Filter>Shaders</Filter>
    </FxCompile>
    <FxCompile Include="..\shaders\SingleLightMapping_PS.hlsl">
      <Filter>Shaders</Filter>
    </FxCompile>
  </ItemGroup>
</Project>