<?xml version="1.0" encoding="utf-8"?>
<Project ToolsVersion="4.0" xmlns="http://schemas.microsoft.com/developer/msbuild/2003">
  <ItemGroup>
    <Filter Include="Source Files">
      <UniqueIdentifier>{4FC737F1-C7A5-4376-A066-2A32D752A2FF}</UniqueIdentifier>
      <Extensions>cpp;c;cc;cxx;def;odl;idl;hpj;bat;asm;asmx</Extensions>
    </Filter>
    <Filter Include="Header Files">
      <UniqueIdentifier>{93995380-89BD-4b04-88EB-625FBE52EBFB}</UniqueIdentifier>
      <Extensions>h;hh;hpp;hxx;hm;inl;inc;ipp;xsd</Extensions>
    </Filter>
    <Filter Include="Resource Files">
      <UniqueIdentifier>{67DA6AB6-F800-4c08-8B7A-83BB121AAD01}</UniqueIdentifier>
      <Extensions>rc;ico;cur;bmp;dlg;rc2;rct;bin;rgs;gif;jpg;jpeg;jpe;resx;tiff;tif;png;wav;mfcribbon-ms</Extensions>
    </Filter>
    <Filter Include="Shaders">
      <UniqueIdentifier>{489678df-086e-4df4-bbc6-216e85bff1ed}</UniqueIdentifier>
    </Filter>
  </ItemGroup>
  <ItemGroup>
    <ClInclude Include="hdr\DeviceResources.h">
      <Filter>Header Files</Filter>
    </ClInclude>
    <ClInclude Include="hdr\Error.h">
      <Filter>Header Files</Filter>
    </ClInclude>
    <ClInclude Include="hdr\WinWindow.h">
      <Filter>Header Files</Filter>
    </ClInclude>
    <ClInclude Include="hdr\ForwardRenderer.h">
      <Filter>Header Files</Filter>
    </ClInclude>
    <ClInclude Include="hdr\ModulePath.h">
      <Filter>Header Files</Filter>
    </ClInclude>
    <ClInclude Include="hdr\ObjSyntaxHandler.h">
      <Filter>Header Files</Filter>
    </ClInclude>
    <ClInclude Include="objloader\hdr\ObjLoader.h">
      <Filter>Header Files</Filter>
    </ClInclude>
    <ClInclude Include="objloader\hdr\ObjLexer.h">
      <Filter>Header Files</Filter>
    </ClInclude>
    <ClInclude Include="hdr\IMesh.h">
      <Filter>Header Files</Filter>
    </ClInclude>
    <ClInclude Include="hdr\ObjMesh.h">
      <Filter>Header Files</Filter>
    </ClInclude>
    <ClInclude Include="hdr\Light.h">
      <Filter>Header Files</Filter>
    </ClInclude>
    <ClInclude Include="hdr\SceneGraph.h">
      <Filter>Header Files</Filter>
    </ClInclude>
    <ClInclude Include="hdr\Actor.h">
      <Filter>Header Files</Filter>
    </ClInclude>
    <ClInclude Include="hdr\TextureTarget2D.h">
      <Filter>Header Files</Filter>
    </ClInclude>
    <ClInclude Include="hdr\ShaderCluster.h">
      <Filter>Header Files</Filter>
    </ClInclude>
    <ClInclude Include="hdr\VertexBase.h">
      <Filter>Header Files</Filter>
    </ClInclude>
    <ClInclude Include="hdr\ShaderBase.h">
      <Filter>Header Files</Filter>
    </ClInclude>
    <ClInclude Include="hdr\PixelBase.h">
      <Filter>Header Files</Filter>
    </ClInclude>
    <ClInclude Include="hdr\PixelToTexture.h">
      <Filter>Header Files</Filter>
    </ClInclude>
    <ClInclude Include="hdr\IContextBinding.h">
      <Filter>Header Files</Filter>
    </ClInclude>
    <ClInclude Include="hdr\PixelSingleLightShadow.h">
      <Filter>Header Files</Filter>
    </ClInclude>
    <ClInclude Include="hdr\VertexSingleLightShadow.h">
      <Filter>Header Files</Filter>
    </ClInclude>
    <ClInclude Include="hdr\RenderPass.h">
      <Filter>Header Files</Filter>
    </ClInclude>
    <ClInclude Include="hdr\PassMetadata.h">
      <Filter>Header Files</Filter>
    </ClInclude>
    <ClInclude Include="hdr\DepthBuffer.h">
      <Filter>Header Files</Filter>
    </ClInclude>
  </ItemGroup>
  <ItemGroup>
    <ClCompile Include="src\DeviceResources.cpp">
      <Filter>Source Files</Filter>
    </ClCompile>
    <ClCompile Include="src\Aries.cpp">
      <Filter>Source Files</Filter>
    </ClCompile>
    <ClCompile Include="src\WinWindow.cpp">
      <Filter>Source Files</Filter>
    </ClCompile>
    <ClCompile Include="src\ForwardRenderer.cpp">
      <Filter>Source Files</Filter>
    </ClCompile>
    <ClCompile Include="objloader\src\ObjLoader.cpp">
      <Filter>Source Files</Filter>
    </ClCompile>
    <ClCompile Include="objloader\src\ObjLexer.cpp">
      <Filter>Source Files</Filter>
    </ClCompile>
    <ClCompile Include="src\ObjMesh.cpp">
      <Filter>Source Files</Filter>
    </ClCompile>
    <ClCompile Include="hdr\IActor.h">
      <Filter>Header Files</Filter>
    </ClCompile>
    <ClCompile Include="src\Actor.cpp">
      <Filter>Source Files</Filter>
    </ClCompile>
    <ClCompile Include="src\TextureTarget2D.cpp">
      <Filter>Source Files</Filter>
    </ClCompile>
    <ClCompile Include="src\PixelBase.cpp">
      <Filter>Source Files</Filter>
    </ClCompile>
    <ClCompile Include="src\VertexBase.cpp">
      <Filter>Source Files</Filter>
    </ClCompile>
    <ClCompile Include="src\PixelToTexture.cpp">
      <Filter>Source Files</Filter>
    </ClCompile>
    <ClCompile Include="src\VertexSingleLightShadow.cpp">
      <Filter>Source Files</Filter>
    </ClCompile>
    <ClCompile Include="src\PixelSingleLightShadow.cpp">
      <Filter>Source Files</Filter>
    </ClCompile>
    <ClCompile Include="src\DepthBuffer.cpp">
      <Filter>Source Files</Filter>
    </ClCompile>
  </ItemGroup>
  <ItemGroup>
    <FxCompile Include="..\shaders\Vertex.hlsl">
      <Filter>Shaders</Filter>
    </FxCompile>
    <FxCompile Include="..\shaders\Fragment.hlsl">
      <Filter>Shaders</Filter>
    </FxCompile>
    <FxCompile Include="..\shaders\PlanarReflection_VS.hlsl">
      <Filter>Shaders</Filter>
    </FxCompile>
    <FxCompile Include="..\shaders\PlanarReflection_PS.hlsl">
      <Filter>Shaders</Filter>
    </FxCompile>
    <FxCompile Include="..\shaders\ObjInputVS.hlsl">
      <Filter>Shaders</Filter>
    </FxCompile>
    <FxCompile Include="..\shaders\SimplePixel.hlsl">
      <Filter>Shaders</Filter>
    </FxCompile>
    <FxCompile Include="..\shaders\DepthToTexture_VS.hlsl">
      <Filter>Shaders</Filter>
    </FxCompile>
    <FxCompile Include="..\shaders\DepthToTexture_PS.hlsl">
      <Filter>Shaders</Filter>
    </FxCompile>
  </ItemGroup>
</Project>